<?xml version="1.0" encoding="utf-8"?>
<Project ToolsVersion="4.0" xmlns="http://schemas.microsoft.com/developer/msbuild/2003">
  <ItemGroup>
    <Filter Include="Source Files">
      <UniqueIdentifier>{4FC737F1-C7A5-4376-A066-2A32D752A2FF}</UniqueIdentifier>
      <Extensions>cpp;c;cc;cxx;def;odl;idl;hpj;bat;asm;asmx</Extensions>
    </Filter>
    <Filter Include="Header Files">
      <UniqueIdentifier>{93995380-89BD-4b04-88EB-625FBE52EBFB}</UniqueIdentifier>
      <Extensions>h;hpp;hxx;hm;inl;inc;xsd</Extensions>
    </Filter>
    <Filter Include="Resource Files">
      <UniqueIdentifier>{67DA6AB6-F800-4c08-8B7A-83BB121AAD01}</UniqueIdentifier>
      <Extensions>rc;ico;cur;bmp;dlg;rc2;rct;bin;rgs;gif;jpg;jpeg;jpe;resx;tiff;tif;png;wav;mfcribbon-ms</Extensions>
    </Filter>
  </ItemGroup>
  <ItemGroup>
    <ClInclude Include="include\lib\functors.h">
      <Filter>Header Files</Filter>
    </ClInclude>
    <ClInclude Include="include\lib\IoHelper.h">
      <Filter>Header Files</Filter>
    </ClInclude>
    <ClInclude Include="include\lib\macros.h">
      <Filter>Header Files</Filter>
    </ClInclude>
    <ClInclude Include="include\lib\targetver.h">
      <Filter>Header Files</Filter>
    </ClInclude>
    <ClInclude Include="include\lib\TCollection.h">
      <Filter>Header Files</Filter>
    </ClInclude>
    <ClInclude Include="include\model\BaseModel.h">
      <Filter>Header Files</Filter>
    </ClInclude>
    <ClInclude Include="include\model\Player.h">
      <Filter>Header Files</Filter>
    </ClInclude>
    <ClInclude Include="include\service\storage\file\BaseFileService.h">
      <Filter>Header Files</Filter>
    </ClInclude>
    <ClInclude Include="include\service\storage\StorageService.h">
      <Filter>Header Files</Filter>
    </ClInclude>
    <ClInclude Include="include\stdafx.h">
      <Filter>Header Files</Filter>
    </ClInclude>
    <ClInclude Include="test\test.h">
      <Filter>Header Files</Filter>
    </ClInclude>
    <ClInclude Include="include\model\Sport.h">
      <Filter>Header Files</Filter>
    </ClInclude>
    <ClInclude Include="include\config.h">
      <Filter>Header Files</Filter>
    </ClInclude>
    <ClInclude Include="include\Application.h">
      <Filter>Header Files</Filter>
    </ClInclude>
    <ClInclude Include="include\lib\Command.h">
      <Filter>Header Files</Filter>
    </ClInclude>
    <ClInclude Include="include\lib\Console.h">
      <Filter>Header Files</Filter>
    </ClInclude>
    <ClInclude Include="include\lib\Validator.h">
      <Filter>Header Files</Filter>
    </ClInclude>
    <ClInclude Include="include\model\Division.h">
      <Filter>Header Files</Filter>
    </ClInclude>
    <ClInclude Include="include\model\Team.h">
      <Filter>Header Files</Filter>
    </ClInclude>
    <ClInclude Include="include\lib\pointcalc\Calc310.h">
      <Filter>Header Files</Filter>
    </ClInclude>
    <ClInclude Include="include\lib\pointcalc\Calc210.h">
      <Filter>Header Files</Filter>
    </ClInclude>
    <ClInclude Include="include\lib\pointcalc\Calc3210.h">
      <Filter>Header Files</Filter>
    </ClInclude>
    <ClInclude Include="include\lib\pointcalc\PointCalculator.h">
      <Filter>Header Files</Filter>
    </ClInclude>
    <ClInclude Include="include\model\Match.h">
      <Filter>Header Files</Filter>
    </ClInclude>
    <ClInclude Include="include\lib\ErrorHandler.h">
      <Filter>Header Files</Filter>
    </ClInclude>
    <ClInclude Include="include\lib\SimpleCSV.h">
      <Filter>Header Files</Filter>
    </ClInclude>
    <ClInclude Include="include\service\storage\file\ExportFileService.h">
      <Filter>Header Files</Filter>
    </ClInclude>
    <ClInclude Include="include\service\storage\file\ImportFileService.h">
      <Filter>Header Files</Filter>
    </ClInclude>
    <ClInclude Include="include\service\storage\file\SystemFileService.h">
      <Filter>Header Files</Filter>
    </ClInclude>
  </ItemGroup>
  <ItemGroup>
    <ClCompile Include="src\lib\functors.cpp">
      <Filter>Source Files</Filter>
    </ClCompile>
    <ClCompile Include="src\lib\IoHelper.cpp">
      <Filter>Source Files</Filter>
    </ClCompile>
    <ClCompile Include="src\model\BaseModel.cpp">
      <Filter>Source Files</Filter>
    </ClCompile>
    <ClCompile Include="src\model\Player.cpp">
      <Filter>Source Files</Filter>
    </ClCompile>
    <ClCompile Include="src\service\storage\file\BaseFileService.cpp">
      <Filter>Source Files</Filter>
    </ClCompile>
    <ClCompile Include="src\stdafx.cpp">
      <Filter>Source Files</Filter>
    </ClCompile>
    <ClCompile Include="main.cpp">
      <Filter>Source Files</Filter>
    </ClCompile>
    <ClCompile Include="src\model\Sport.cpp">
      <Filter>Source Files</Filter>
    </ClCompile>
    <ClCompile Include="src\config.cpp">
      <Filter>Source Files</Filter>
    </ClCompile>
    <ClCompile Include="src\lib\Command.cpp">
      <Filter>Source Files</Filter>
    </ClCompile>
    <ClCompile Include="src\lib\Console.cpp">
      <Filter>Source Files</Filter>
    </ClCompile>
    <ClCompile Include="src\model\Division.cpp">
      <Filter>Source Files</Filter>
    </ClCompile>
    <ClCompile Include="src\Application.cpp">
      <Filter>Source Files</Filter>
    </ClCompile>
    <ClCompile Include="src\lib\pointcalc\PointCalculator.cpp">
      <Filter>Source Files</Filter>
    </ClCompile>
    <ClCompile Include="src\lib\Validator.cpp">
      <Filter>Source Files</Filter>
    </ClCompile>
    <ClCompile Include="src\model\Team.cpp">
      <Filter>Source Files</Filter>
    </ClCompile>
    <ClCompile Include="src\model\Match.cpp">
      <Filter>Source Files</Filter>
    </ClCompile>
    <ClCompile Include="test\FileServiceTest.cpp">
      <Filter>Source Files</Filter>
    </ClCompile>
    <ClCompile Include="test\SportTest.cpp">
      <Filter>Source Files</Filter>
    </ClCompile>
    <ClCompile Include="test\IoTest.cpp">
      <Filter>Source Files</Filter>
    </ClCompile>
    <ClCompile Include="test\PlayerTest.cpp">
      <Filter>Source Files</Filter>
    </ClCompile>
    <ClCompile Include="src\lib\ErrorHandler.cpp">
      <Filter>Source Files</Filter>
    </ClCompile>
    <ClCompile Include="src\service\storage\file\ImportFileService.cpp">
      <Filter>Source Files</Filter>
    </ClCompile>
    <ClCompile Include="src\service\storage\file\SystemFileService.cpp">
      <Filter>Source Files</Filter>
    </ClCompile>
    <ClCompile Include="src\service\storage\file\ExportFileService.cpp">
      <Filter>Source Files</Filter>
    </ClCompile>
    <ClCompile Include="src\lib\pointcalc\Calc210.cpp">
      <Filter>Source Files</Filter>
    </ClCompile>
    <ClCompile Include="src\lib\pointcalc\Calc310.cpp">
      <Filter>Source Files</Filter>
    </ClCompile>
    <ClCompile Include="src\lib\pointcalc\Calc3210.cpp">
      <Filter>Source Files</Filter>
    </ClCompile>
    <ClCompile Include="src\lib\SimpleCSV.cpp">
      <Filter>Source Files</Filter>
    </ClCompile>
  </ItemGroup>
  <ItemGroup>
    <None Include="results.txt" />
    <None Include="division.txt" />
    <None Include="players.dat" />
    <None Include="sports.dat" />
  </ItemGroup>
</Project>